// !$*UTF8*$!
{
	archiveVersion = 1;
	classes = {
	};
	objectVersion = 45;
	objects = {

/* Begin PBXBuildFile section */
		1D60589B0D05DD56006BFB54 /* main.m in Sources */ = {isa = PBXBuildFile; fileRef = 29B97316FDCFA39411CA2CEA /* main.m */; };
		1D60589F0D05DD5A006BFB54 /* Foundation.framework in Frameworks */ = {isa = PBXBuildFile; fileRef = 1D30AB110D05D00D00671497 /* Foundation.framework */; };
		1DF5F4E00D08C38300B7A737 /* UIKit.framework in Frameworks */ = {isa = PBXBuildFile; fileRef = 1DF5F4DF0D08C38300B7A737 /* UIKit.framework */; };
		2860E328111B887F00E27156 /* AppDelegate_iPhone.m in Sources */ = {isa = PBXBuildFile; fileRef = 2860E326111B887F00E27156 /* AppDelegate_iPhone.m */; };
		2860E32E111B888700E27156 /* AppDelegate_iPad.m in Sources */ = {isa = PBXBuildFile; fileRef = 2860E32C111B888700E27156 /* AppDelegate_iPad.m */; };
		288765FD0DF74451002DB57D /* CoreGraphics.framework in Frameworks */ = {isa = PBXBuildFile; fileRef = 288765FC0DF74451002DB57D /* CoreGraphics.framework */; };
		6C87AEF2130BB8420015B471 /* LoginController.m in Sources */ = {isa = PBXBuildFile; fileRef = 6C87AEF1130BB8420015B471 /* LoginController.m */; };
		6C87AFCB130BD4CB0015B471 /* LoginControllerFactory.m in Sources */ = {isa = PBXBuildFile; fileRef = 6C87AFCA130BD4CB0015B471 /* LoginControllerFactory.m */; };
		6C93661813A22EA700FA8960 /* CXMLDocument_CreationExtensions.m in Sources */ = {isa = PBXBuildFile; fileRef = 6C9365FD13A22EA700FA8960 /* CXMLDocument_CreationExtensions.m */; };
		6C93661913A22EA700FA8960 /* CXMLNode_CreationExtensions.m in Sources */ = {isa = PBXBuildFile; fileRef = 6C9365FF13A22EA700FA8960 /* CXMLNode_CreationExtensions.m */; };
		6C93661A13A22EA700FA8960 /* CXHTMLDocument.m in Sources */ = {isa = PBXBuildFile; fileRef = 6C93660113A22EA700FA8960 /* CXHTMLDocument.m */; };
		6C93661B13A22EA700FA8960 /* CXMLDocument.m in Sources */ = {isa = PBXBuildFile; fileRef = 6C93660313A22EA700FA8960 /* CXMLDocument.m */; };
		6C93661C13A22EA700FA8960 /* CXMLDocument_PrivateExtensions.m in Sources */ = {isa = PBXBuildFile; fileRef = 6C93660513A22EA700FA8960 /* CXMLDocument_PrivateExtensions.m */; };
		6C93661D13A22EA700FA8960 /* CXMLElement.m in Sources */ = {isa = PBXBuildFile; fileRef = 6C93660713A22EA700FA8960 /* CXMLElement.m */; };
		6C93661E13A22EA700FA8960 /* CXMLElement_CreationExtensions.m in Sources */ = {isa = PBXBuildFile; fileRef = 6C93660913A22EA700FA8960 /* CXMLElement_CreationExtensions.m */; };
		6C93661F13A22EA700FA8960 /* CXMLElement_ElementTreeExtensions.m in Sources */ = {isa = PBXBuildFile; fileRef = 6C93660B13A22EA700FA8960 /* CXMLElement_ElementTreeExtensions.m */; };
		6C93662013A22EA700FA8960 /* CXMLNamespaceNode.m in Sources */ = {isa = PBXBuildFile; fileRef = 6C93660D13A22EA700FA8960 /* CXMLNamespaceNode.m */; };
		6C93662113A22EA700FA8960 /* CXMLNode.m in Sources */ = {isa = PBXBuildFile; fileRef = 6C93660F13A22EA700FA8960 /* CXMLNode.m */; };
		6C93662213A22EA700FA8960 /* CXMLNode_PrivateExtensions.m in Sources */ = {isa = PBXBuildFile; fileRef = 6C93661113A22EA700FA8960 /* CXMLNode_PrivateExtensions.m */; };
		6C93662313A22EA700FA8960 /* CXMLNode_XPathExtensions.m in Sources */ = {isa = PBXBuildFile; fileRef = 6C93661313A22EA700FA8960 /* CXMLNode_XPathExtensions.m */; };
		6C93662413A22EA700FA8960 /* CTidy.m in Sources */ = {isa = PBXBuildFile; fileRef = 6C93661613A22EA700FA8960 /* CTidy.m */; };
		6C9EACDD13A09ECA00C1B19D /* profileCard.png in Resources */ = {isa = PBXBuildFile; fileRef = 6C9EACD913A09ECA00C1B19D /* profileCard.png */; };
		6C9EACDE13A09ECA00C1B19D /* profileCard@2x.png in Resources */ = {isa = PBXBuildFile; fileRef = 6C9EACDA13A09ECA00C1B19D /* profileCard@2x.png */; };
		6C9EACDF13A09ECA00C1B19D /* search.png in Resources */ = {isa = PBXBuildFile; fileRef = 6C9EACDB13A09ECA00C1B19D /* search.png */; };
		6C9EACE013A09ECA00C1B19D /* search@2x.png in Resources */ = {isa = PBXBuildFile; fileRef = 6C9EACDC13A09ECA00C1B19D /* search@2x.png */; };
		6C9EACE413A0CD7700C1B19D /* ProfileController.m in Sources */ = {isa = PBXBuildFile; fileRef = 6C9EACE313A0CD7700C1B19D /* ProfileController.m */; };
		6C9EACE813A0D1AC00C1B19D /* MoreController.m in Sources */ = {isa = PBXBuildFile; fileRef = 6C9EACE713A0D1AC00C1B19D /* MoreController.m */; };
		6C9EACEB13A0EBDD00C1B19D /* ProfileControllerFactory.m in Sources */ = {isa = PBXBuildFile; fileRef = 6C9EACEA13A0EBDD00C1B19D /* ProfileControllerFactory.m */; };
		6C9EACF413A0FC4200C1B19D /* Icon-72.png in Resources */ = {isa = PBXBuildFile; fileRef = 6C9EACEE13A0FC4200C1B19D /* Icon-72.png */; };
		6C9EACF513A0FC4200C1B19D /* Icon-Small-50.png in Resources */ = {isa = PBXBuildFile; fileRef = 6C9EACEF13A0FC4200C1B19D /* Icon-Small-50.png */; };
		6C9EACF613A0FC4200C1B19D /* Icon-Small.png in Resources */ = {isa = PBXBuildFile; fileRef = 6C9EACF013A0FC4200C1B19D /* Icon-Small.png */; };
		6C9EACF713A0FC4200C1B19D /* Icon-Small@2x.png in Resources */ = {isa = PBXBuildFile; fileRef = 6C9EACF113A0FC4200C1B19D /* Icon-Small@2x.png */; };
		6C9EACF813A0FC4200C1B19D /* Icon.png in Resources */ = {isa = PBXBuildFile; fileRef = 6C9EACF213A0FC4200C1B19D /* Icon.png */; };
		6C9EACF913A0FC4200C1B19D /* Icon@2x.png in Resources */ = {isa = PBXBuildFile; fileRef = 6C9EACF313A0FC4200C1B19D /* Icon@2x.png */; };
		6C9EAD0913A0FCF900C1B19D /* CouchSearchRequest.m in Sources */ = {isa = PBXBuildFile; fileRef = 6C9EACFC13A0FCF900C1B19D /* CouchSearchRequest.m */; };
		6C9EAD0A13A0FCF900C1B19D /* CouchSearchRequestFactory.m in Sources */ = {isa = PBXBuildFile; fileRef = 6C9EACFE13A0FCF900C1B19D /* CouchSearchRequestFactory.m */; };
		6C9EAD0B13A0FCF900C1B19D /* CouchSourfer.m in Sources */ = {isa = PBXBuildFile; fileRef = 6C9EAD0013A0FCF900C1B19D /* CouchSourfer.m */; };
		6C9EAD0C13A0FCF900C1B19D /* CSImageDownloader.m in Sources */ = {isa = PBXBuildFile; fileRef = 6C9EAD0213A0FCF900C1B19D /* CSImageDownloader.m */; };
		6C9EAD0D13A0FCF900C1B19D /* IdentityManager.m in Sources */ = {isa = PBXBuildFile; fileRef = 6C9EAD0413A0FCF900C1B19D /* IdentityManager.m */; };
		6C9EAD0E13A0FCF900C1B19D /* LoginRequest.m in Sources */ = {isa = PBXBuildFile; fileRef = 6C9EAD0813A0FCF900C1B19D /* LoginRequest.m */; };
		6C9EAD1313A1009700C1B19D /* MVUrlConnection.m in Sources */ = {isa = PBXBuildFile; fileRef = 6C9EAD1213A1009700C1B19D /* MVUrlConnection.m */; };
		6C9EAD1613A1438800C1B19D /* ActivityOverlap.m in Sources */ = {isa = PBXBuildFile; fileRef = 6C9EAD1513A1438700C1B19D /* ActivityOverlap.m */; };
		6CAA91E91284A13300CB1737 /* libIOC.a in Frameworks */ = {isa = PBXBuildFile; fileRef = 6CAA91E71284A0E700CB1737 /* libIOC.a */; };
		6CAA922F12852D6E00CB1737 /* libxml2.dylib in Frameworks */ = {isa = PBXBuildFile; fileRef = 6CAA922E12852D6E00CB1737 /* libxml2.dylib */; };
		6CAA9306128546F200CB1737 /* CouchSearchFormController.m in Sources */ = {isa = PBXBuildFile; fileRef = 6CAA9305128546F200CB1737 /* CouchSearchFormController.m */; };
		6CAA94071285914E00CB1737 /* CouchSearchResultController.m in Sources */ = {isa = PBXBuildFile; fileRef = 6CAA94061285914E00CB1737 /* CouchSearchResultController.m */; };
		6CAA940C128591BD00CB1737 /* CouchSearchResultControllerFactory.m in Sources */ = {isa = PBXBuildFile; fileRef = 6CAA940B128591BD00CB1737 /* CouchSearchResultControllerFactory.m */; };
		6CAA94D81285A07E00CB1737 /* CouchSearchFormControllerFactory.m in Sources */ = {isa = PBXBuildFile; fileRef = 6CAA94D71285A07E00CB1737 /* CouchSearchFormControllerFactory.m */; };
		6CC1DA1313A09276008F659F /* JSONKit.m in Sources */ = {isa = PBXBuildFile; fileRef = 6CC1DA1213A09276008F659F /* JSONKit.m */; };
/* End PBXBuildFile section */

/* Begin PBXContainerItemProxy section */
		6CAA91E41284A0E700CB1737 /* PBXContainerItemProxy */ = {
			isa = PBXContainerItemProxy;
			containerPortal = 6CAA91DC1284A0E700CB1737 /* IOC.xcodeproj */;
			proxyType = 2;
			remoteGlobalIDString = 6C1D739511F21E8400F0EFC2;
			remoteInfo = UnitTests;
		};
		6CAA91E61284A0E700CB1737 /* PBXContainerItemProxy */ = {
			isa = PBXContainerItemProxy;
			containerPortal = 6CAA91DC1284A0E700CB1737 /* IOC.xcodeproj */;
			proxyType = 2;
			remoteGlobalIDString = 6C07A88211FEDDCA00358364;
			remoteInfo = IOC;
		};
		6CAA91EC1284A18800CB1737 /* PBXContainerItemProxy */ = {
			isa = PBXContainerItemProxy;
			containerPortal = 6CAA91DC1284A0E700CB1737 /* IOC.xcodeproj */;
			proxyType = 1;
			remoteGlobalIDString = 6C07A88111FEDDCA00358364;
			remoteInfo = IOC;
		};
/* End PBXContainerItemProxy section */

/* Begin PBXFileReference section */
		1D30AB110D05D00D00671497 /* Foundation.framework */ = {isa = PBXFileReference; lastKnownFileType = wrapper.framework; name = Foundation.framework; path = System/Library/Frameworks/Foundation.framework; sourceTree = SDKROOT; };
		1D6058910D05DD3D006BFB54 /* CouchSurfing.app */ = {isa = PBXFileReference; explicitFileType = wrapper.application; includeInIndex = 0; path = CouchSurfing.app; sourceTree = BUILT_PRODUCTS_DIR; };
		1DF5F4DF0D08C38300B7A737 /* UIKit.framework */ = {isa = PBXFileReference; lastKnownFileType = wrapper.framework; name = UIKit.framework; path = System/Library/Frameworks/UIKit.framework; sourceTree = SDKROOT; };
		2860E325111B887F00E27156 /* AppDelegate_iPhone.h */ = {isa = PBXFileReference; fileEncoding = 4; lastKnownFileType = sourcecode.c.h; path = AppDelegate_iPhone.h; sourceTree = "<group>"; };
		2860E326111B887F00E27156 /* AppDelegate_iPhone.m */ = {isa = PBXFileReference; fileEncoding = 4; lastKnownFileType = sourcecode.c.objc; path = AppDelegate_iPhone.m; sourceTree = "<group>"; };
		2860E32B111B888700E27156 /* AppDelegate_iPad.h */ = {isa = PBXFileReference; fileEncoding = 4; lastKnownFileType = sourcecode.c.h; path = AppDelegate_iPad.h; sourceTree = "<group>"; };
		2860E32C111B888700E27156 /* AppDelegate_iPad.m */ = {isa = PBXFileReference; fileEncoding = 4; lastKnownFileType = sourcecode.c.objc; path = AppDelegate_iPad.m; sourceTree = "<group>"; };
		288765FC0DF74451002DB57D /* CoreGraphics.framework */ = {isa = PBXFileReference; lastKnownFileType = wrapper.framework; name = CoreGraphics.framework; path = System/Library/Frameworks/CoreGraphics.framework; sourceTree = SDKROOT; };
		29B97316FDCFA39411CA2CEA /* main.m */ = {isa = PBXFileReference; fileEncoding = 4; lastKnownFileType = sourcecode.c.objc; name = main.m; path = Shared/main.m; sourceTree = "<group>"; };
		32CA4F630368D1EE00C91783 /* CouchSurfing_Prefix.pch */ = {isa = PBXFileReference; fileEncoding = 4; lastKnownFileType = sourcecode.c.h; path = CouchSurfing_Prefix.pch; sourceTree = "<group>"; };
		6C87AEF0130BB8420015B471 /* LoginController.h */ = {isa = PBXFileReference; fileEncoding = 4; lastKnownFileType = sourcecode.c.h; path = LoginController.h; sourceTree = "<group>"; };
		6C87AEF1130BB8420015B471 /* LoginController.m */ = {isa = PBXFileReference; fileEncoding = 4; lastKnownFileType = sourcecode.c.objc; path = LoginController.m; sourceTree = "<group>"; };
		6C87AFC9130BD4CB0015B471 /* LoginControllerFactory.h */ = {isa = PBXFileReference; fileEncoding = 4; lastKnownFileType = sourcecode.c.h; path = LoginControllerFactory.h; sourceTree = "<group>"; };
		6C87AFCA130BD4CB0015B471 /* LoginControllerFactory.m */ = {isa = PBXFileReference; fileEncoding = 4; lastKnownFileType = sourcecode.c.objc; path = LoginControllerFactory.m; sourceTree = "<group>"; };
		6C9365FC13A22EA700FA8960 /* CXMLDocument_CreationExtensions.h */ = {isa = PBXFileReference; fileEncoding = 4; lastKnownFileType = sourcecode.c.h; path = CXMLDocument_CreationExtensions.h; sourceTree = "<group>"; };
		6C9365FD13A22EA700FA8960 /* CXMLDocument_CreationExtensions.m */ = {isa = PBXFileReference; fileEncoding = 4; lastKnownFileType = sourcecode.c.objc; path = CXMLDocument_CreationExtensions.m; sourceTree = "<group>"; };
		6C9365FE13A22EA700FA8960 /* CXMLNode_CreationExtensions.h */ = {isa = PBXFileReference; fileEncoding = 4; lastKnownFileType = sourcecode.c.h; path = CXMLNode_CreationExtensions.h; sourceTree = "<group>"; };
		6C9365FF13A22EA700FA8960 /* CXMLNode_CreationExtensions.m */ = {isa = PBXFileReference; fileEncoding = 4; lastKnownFileType = sourcecode.c.objc; path = CXMLNode_CreationExtensions.m; sourceTree = "<group>"; };
		6C93660013A22EA700FA8960 /* CXHTMLDocument.h */ = {isa = PBXFileReference; fileEncoding = 4; lastKnownFileType = sourcecode.c.h; path = CXHTMLDocument.h; sourceTree = "<group>"; };
		6C93660113A22EA700FA8960 /* CXHTMLDocument.m */ = {isa = PBXFileReference; fileEncoding = 4; lastKnownFileType = sourcecode.c.objc; path = CXHTMLDocument.m; sourceTree = "<group>"; };
		6C93660213A22EA700FA8960 /* CXMLDocument.h */ = {isa = PBXFileReference; fileEncoding = 4; lastKnownFileType = sourcecode.c.h; path = CXMLDocument.h; sourceTree = "<group>"; };
		6C93660313A22EA700FA8960 /* CXMLDocument.m */ = {isa = PBXFileReference; fileEncoding = 4; lastKnownFileType = sourcecode.c.objc; path = CXMLDocument.m; sourceTree = "<group>"; };
		6C93660413A22EA700FA8960 /* CXMLDocument_PrivateExtensions.h */ = {isa = PBXFileReference; fileEncoding = 4; lastKnownFileType = sourcecode.c.h; path = CXMLDocument_PrivateExtensions.h; sourceTree = "<group>"; };
		6C93660513A22EA700FA8960 /* CXMLDocument_PrivateExtensions.m */ = {isa = PBXFileReference; fileEncoding = 4; lastKnownFileType = sourcecode.c.objc; path = CXMLDocument_PrivateExtensions.m; sourceTree = "<group>"; };
		6C93660613A22EA700FA8960 /* CXMLElement.h */ = {isa = PBXFileReference; fileEncoding = 4; lastKnownFileType = sourcecode.c.h; path = CXMLElement.h; sourceTree = "<group>"; };
		6C93660713A22EA700FA8960 /* CXMLElement.m */ = {isa = PBXFileReference; fileEncoding = 4; lastKnownFileType = sourcecode.c.objc; path = CXMLElement.m; sourceTree = "<group>"; };
		6C93660813A22EA700FA8960 /* CXMLElement_CreationExtensions.h */ = {isa = PBXFileReference; fileEncoding = 4; lastKnownFileType = sourcecode.c.h; path = CXMLElement_CreationExtensions.h; sourceTree = "<group>"; };
		6C93660913A22EA700FA8960 /* CXMLElement_CreationExtensions.m */ = {isa = PBXFileReference; fileEncoding = 4; lastKnownFileType = sourcecode.c.objc; path = CXMLElement_CreationExtensions.m; sourceTree = "<group>"; };
		6C93660A13A22EA700FA8960 /* CXMLElement_ElementTreeExtensions.h */ = {isa = PBXFileReference; fileEncoding = 4; lastKnownFileType = sourcecode.c.h; path = CXMLElement_ElementTreeExtensions.h; sourceTree = "<group>"; };
		6C93660B13A22EA700FA8960 /* CXMLElement_ElementTreeExtensions.m */ = {isa = PBXFileReference; fileEncoding = 4; lastKnownFileType = sourcecode.c.objc; path = CXMLElement_ElementTreeExtensions.m; sourceTree = "<group>"; };
		6C93660C13A22EA700FA8960 /* CXMLNamespaceNode.h */ = {isa = PBXFileReference; fileEncoding = 4; lastKnownFileType = sourcecode.c.h; path = CXMLNamespaceNode.h; sourceTree = "<group>"; };
		6C93660D13A22EA700FA8960 /* CXMLNamespaceNode.m */ = {isa = PBXFileReference; fileEncoding = 4; lastKnownFileType = sourcecode.c.objc; path = CXMLNamespaceNode.m; sourceTree = "<group>"; };
		6C93660E13A22EA700FA8960 /* CXMLNode.h */ = {isa = PBXFileReference; fileEncoding = 4; lastKnownFileType = sourcecode.c.h; path = CXMLNode.h; sourceTree = "<group>"; };
		6C93660F13A22EA700FA8960 /* CXMLNode.m */ = {isa = PBXFileReference; fileEncoding = 4; lastKnownFileType = sourcecode.c.objc; path = CXMLNode.m; sourceTree = "<group>"; };
		6C93661013A22EA700FA8960 /* CXMLNode_PrivateExtensions.h */ = {isa = PBXFileReference; fileEncoding = 4; lastKnownFileType = sourcecode.c.h; path = CXMLNode_PrivateExtensions.h; sourceTree = "<group>"; };
		6C93661113A22EA700FA8960 /* CXMLNode_PrivateExtensions.m */ = {isa = PBXFileReference; fileEncoding = 4; lastKnownFileType = sourcecode.c.objc; path = CXMLNode_PrivateExtensions.m; sourceTree = "<group>"; };
		6C93661213A22EA700FA8960 /* CXMLNode_XPathExtensions.h */ = {isa = PBXFileReference; fileEncoding = 4; lastKnownFileType = sourcecode.c.h; path = CXMLNode_XPathExtensions.h; sourceTree = "<group>"; };
		6C93661313A22EA700FA8960 /* CXMLNode_XPathExtensions.m */ = {isa = PBXFileReference; fileEncoding = 4; lastKnownFileType = sourcecode.c.objc; path = CXMLNode_XPathExtensions.m; sourceTree = "<group>"; };
		6C93661513A22EA700FA8960 /* CTidy.h */ = {isa = PBXFileReference; fileEncoding = 4; lastKnownFileType = sourcecode.c.h; path = CTidy.h; sourceTree = "<group>"; };
		6C93661613A22EA700FA8960 /* CTidy.m */ = {isa = PBXFileReference; fileEncoding = 4; lastKnownFileType = sourcecode.c.objc; path = CTidy.m; sourceTree = "<group>"; };
		6C93661713A22EA700FA8960 /* TouchXML.h */ = {isa = PBXFileReference; fileEncoding = 4; lastKnownFileType = sourcecode.c.h; path = TouchXML.h; sourceTree = "<group>"; };
		6C9EACD913A09ECA00C1B19D /* profileCard.png */ = {isa = PBXFileReference; lastKnownFileType = image.png; path = profileCard.png; sourceTree = "<group>"; };
		6C9EACDA13A09ECA00C1B19D /* profileCard@2x.png */ = {isa = PBXFileReference; lastKnownFileType = image.png; path = "profileCard@2x.png"; sourceTree = "<group>"; };
		6C9EACDB13A09ECA00C1B19D /* search.png */ = {isa = PBXFileReference; lastKnownFileType = image.png; path = search.png; sourceTree = "<group>"; };
		6C9EACDC13A09ECA00C1B19D /* search@2x.png */ = {isa = PBXFileReference; lastKnownFileType = image.png; path = "search@2x.png"; sourceTree = "<group>"; };
		6C9EACE213A0CD7700C1B19D /* ProfileController.h */ = {isa = PBXFileReference; fileEncoding = 4; lastKnownFileType = sourcecode.c.h; path = ProfileController.h; sourceTree = "<group>"; };
		6C9EACE313A0CD7700C1B19D /* ProfileController.m */ = {isa = PBXFileReference; fileEncoding = 4; lastKnownFileType = sourcecode.c.objc; path = ProfileController.m; sourceTree = "<group>"; };
		6C9EACE613A0D1AB00C1B19D /* MoreController.h */ = {isa = PBXFileReference; fileEncoding = 4; lastKnownFileType = sourcecode.c.h; path = MoreController.h; sourceTree = "<group>"; };
		6C9EACE713A0D1AC00C1B19D /* MoreController.m */ = {isa = PBXFileReference; fileEncoding = 4; lastKnownFileType = sourcecode.c.objc; path = MoreController.m; sourceTree = "<group>"; };
		6C9EACE913A0EBDD00C1B19D /* ProfileControllerFactory.h */ = {isa = PBXFileReference; fileEncoding = 4; lastKnownFileType = sourcecode.c.h; path = ProfileControllerFactory.h; sourceTree = "<group>"; };
		6C9EACEA13A0EBDD00C1B19D /* ProfileControllerFactory.m */ = {isa = PBXFileReference; fileEncoding = 4; lastKnownFileType = sourcecode.c.objc; path = ProfileControllerFactory.m; sourceTree = "<group>"; };
		6C9EACEE13A0FC4200C1B19D /* Icon-72.png */ = {isa = PBXFileReference; lastKnownFileType = image.png; path = "Icon-72.png"; sourceTree = "<group>"; };
		6C9EACEF13A0FC4200C1B19D /* Icon-Small-50.png */ = {isa = PBXFileReference; lastKnownFileType = image.png; path = "Icon-Small-50.png"; sourceTree = "<group>"; };
		6C9EACF013A0FC4200C1B19D /* Icon-Small.png */ = {isa = PBXFileReference; lastKnownFileType = image.png; path = "Icon-Small.png"; sourceTree = "<group>"; };
		6C9EACF113A0FC4200C1B19D /* Icon-Small@2x.png */ = {isa = PBXFileReference; lastKnownFileType = image.png; path = "Icon-Small@2x.png"; sourceTree = "<group>"; };
		6C9EACF213A0FC4200C1B19D /* Icon.png */ = {isa = PBXFileReference; lastKnownFileType = image.png; path = Icon.png; sourceTree = "<group>"; };
		6C9EACF313A0FC4200C1B19D /* Icon@2x.png */ = {isa = PBXFileReference; lastKnownFileType = image.png; path = "Icon@2x.png"; sourceTree = "<group>"; };
		6C9EACFB13A0FCF900C1B19D /* CouchSearchRequest.h */ = {isa = PBXFileReference; fileEncoding = 4; lastKnownFileType = sourcecode.c.h; name = CouchSearchRequest.h; path = Shared/Classes/CouchSearchRequest.h; sourceTree = "<group>"; };
		6C9EACFC13A0FCF900C1B19D /* CouchSearchRequest.m */ = {isa = PBXFileReference; fileEncoding = 4; lastKnownFileType = sourcecode.c.objc; name = CouchSearchRequest.m; path = Shared/Classes/CouchSearchRequest.m; sourceTree = "<group>"; };
		6C9EACFD13A0FCF900C1B19D /* CouchSearchRequestFactory.h */ = {isa = PBXFileReference; fileEncoding = 4; lastKnownFileType = sourcecode.c.h; name = CouchSearchRequestFactory.h; path = Shared/Classes/CouchSearchRequestFactory.h; sourceTree = "<group>"; };
		6C9EACFE13A0FCF900C1B19D /* CouchSearchRequestFactory.m */ = {isa = PBXFileReference; fileEncoding = 4; lastKnownFileType = sourcecode.c.objc; name = CouchSearchRequestFactory.m; path = Shared/Classes/CouchSearchRequestFactory.m; sourceTree = "<group>"; };
		6C9EACFF13A0FCF900C1B19D /* CouchSourfer.h */ = {isa = PBXFileReference; fileEncoding = 4; lastKnownFileType = sourcecode.c.h; name = CouchSourfer.h; path = Shared/Classes/CouchSourfer.h; sourceTree = "<group>"; };
		6C9EAD0013A0FCF900C1B19D /* CouchSourfer.m */ = {isa = PBXFileReference; fileEncoding = 4; lastKnownFileType = sourcecode.c.objc; name = CouchSourfer.m; path = Shared/Classes/CouchSourfer.m; sourceTree = "<group>"; };
		6C9EAD0113A0FCF900C1B19D /* CSImageDownloader.h */ = {isa = PBXFileReference; fileEncoding = 4; lastKnownFileType = sourcecode.c.h; name = CSImageDownloader.h; path = Shared/Classes/CSImageDownloader.h; sourceTree = "<group>"; };
		6C9EAD0213A0FCF900C1B19D /* CSImageDownloader.m */ = {isa = PBXFileReference; fileEncoding = 4; lastKnownFileType = sourcecode.c.objc; name = CSImageDownloader.m; path = Shared/Classes/CSImageDownloader.m; sourceTree = "<group>"; };
		6C9EAD0313A0FCF900C1B19D /* IdentityManager.h */ = {isa = PBXFileReference; fileEncoding = 4; lastKnownFileType = sourcecode.c.h; name = IdentityManager.h; path = Shared/Classes/IdentityManager.h; sourceTree = "<group>"; };
		6C9EAD0413A0FCF900C1B19D /* IdentityManager.m */ = {isa = PBXFileReference; fileEncoding = 4; lastKnownFileType = sourcecode.c.objc; name = IdentityManager.m; path = Shared/Classes/IdentityManager.m; sourceTree = "<group>"; };
		6C9EAD0513A0FCF900C1B19D /* LoginAnnouncer.h */ = {isa = PBXFileReference; fileEncoding = 4; lastKnownFileType = sourcecode.c.h; name = LoginAnnouncer.h; path = Shared/Classes/LoginAnnouncer.h; sourceTree = "<group>"; };
		6C9EAD0613A0FCF900C1B19D /* LoginInformation.h */ = {isa = PBXFileReference; fileEncoding = 4; lastKnownFileType = sourcecode.c.h; name = LoginInformation.h; path = Shared/Classes/LoginInformation.h; sourceTree = "<group>"; };
		6C9EAD0713A0FCF900C1B19D /* LoginRequest.h */ = {isa = PBXFileReference; fileEncoding = 4; lastKnownFileType = sourcecode.c.h; name = LoginRequest.h; path = Shared/Classes/LoginRequest.h; sourceTree = "<group>"; };
		6C9EAD0813A0FCF900C1B19D /* LoginRequest.m */ = {isa = PBXFileReference; fileEncoding = 4; lastKnownFileType = sourcecode.c.objc; name = LoginRequest.m; path = Shared/Classes/LoginRequest.m; sourceTree = "<group>"; };
		6C9EAD1113A1009700C1B19D /* MVUrlConnection.h */ = {isa = PBXFileReference; fileEncoding = 4; lastKnownFileType = sourcecode.c.h; name = MVUrlConnection.h; path = Shared/Classes/MVUrlConnection.h; sourceTree = "<group>"; };
		6C9EAD1213A1009700C1B19D /* MVUrlConnection.m */ = {isa = PBXFileReference; fileEncoding = 4; lastKnownFileType = sourcecode.c.objc; name = MVUrlConnection.m; path = Shared/Classes/MVUrlConnection.m; sourceTree = "<group>"; };
		6C9EAD1413A1438700C1B19D /* ActivityOverlap.h */ = {isa = PBXFileReference; fileEncoding = 4; lastKnownFileType = sourcecode.c.h; path = ActivityOverlap.h; sourceTree = "<group>"; };
		6C9EAD1513A1438700C1B19D /* ActivityOverlap.m */ = {isa = PBXFileReference; fileEncoding = 4; lastKnownFileType = sourcecode.c.objc; path = ActivityOverlap.m; sourceTree = "<group>"; };
		6CAA91DC1284A0E700CB1737 /* IOC.xcodeproj */ = {isa = PBXFileReference; lastKnownFileType = "wrapper.pb-project"; name = IOC.xcodeproj; path = ../../libs/objectiveioc/src/IOC.xcodeproj; sourceTree = SOURCE_ROOT; };
		6CAA922E12852D6E00CB1737 /* libxml2.dylib */ = {isa = PBXFileReference; lastKnownFileType = "compiled.mach-o.dylib"; name = libxml2.dylib; path = usr/lib/libxml2.dylib; sourceTree = SDKROOT; };
		6CAA9304128546F200CB1737 /* CouchSearchFormController.h */ = {isa = PBXFileReference; fileEncoding = 4; lastKnownFileType = sourcecode.c.h; path = CouchSearchFormController.h; sourceTree = "<group>"; };
		6CAA9305128546F200CB1737 /* CouchSearchFormController.m */ = {isa = PBXFileReference; fileEncoding = 4; lastKnownFileType = sourcecode.c.objc; path = CouchSearchFormController.m; sourceTree = "<group>"; };
		6CAA94051285914E00CB1737 /* CouchSearchResultController.h */ = {isa = PBXFileReference; fileEncoding = 4; lastKnownFileType = sourcecode.c.h; path = CouchSearchResultController.h; sourceTree = "<group>"; };
		6CAA94061285914E00CB1737 /* CouchSearchResultController.m */ = {isa = PBXFileReference; fileEncoding = 4; lastKnownFileType = sourcecode.c.objc; path = CouchSearchResultController.m; sourceTree = "<group>"; };
		6CAA940A128591BD00CB1737 /* CouchSearchResultControllerFactory.h */ = {isa = PBXFileReference; fileEncoding = 4; lastKnownFileType = sourcecode.c.h; path = CouchSearchResultControllerFactory.h; sourceTree = "<group>"; };
		6CAA940B128591BD00CB1737 /* CouchSearchResultControllerFactory.m */ = {isa = PBXFileReference; fileEncoding = 4; lastKnownFileType = sourcecode.c.objc; path = CouchSearchResultControllerFactory.m; sourceTree = "<group>"; };
		6CAA94D61285A07E00CB1737 /* CouchSearchFormControllerFactory.h */ = {isa = PBXFileReference; fileEncoding = 4; lastKnownFileType = sourcecode.c.h; path = CouchSearchFormControllerFactory.h; sourceTree = "<group>"; };
		6CAA94D71285A07E00CB1737 /* CouchSearchFormControllerFactory.m */ = {isa = PBXFileReference; fileEncoding = 4; lastKnownFileType = sourcecode.c.objc; path = CouchSearchFormControllerFactory.m; sourceTree = "<group>"; };
		6CC1DA1113A09276008F659F /* JSONKit.h */ = {isa = PBXFileReference; fileEncoding = 4; lastKnownFileType = sourcecode.c.h; path = JSONKit.h; sourceTree = "<group>"; };
		6CC1DA1213A09276008F659F /* JSONKit.m */ = {isa = PBXFileReference; fileEncoding = 4; lastKnownFileType = sourcecode.c.objc; path = JSONKit.m; sourceTree = "<group>"; };
		8D1107310486CEB800E47090 /* CouchSurfing-Info.plist */ = {isa = PBXFileReference; fileEncoding = 4; lastKnownFileType = text.plist.xml; path = "CouchSurfing-Info.plist"; plistStructureDefinitionIdentifier = "com.apple.xcode.plist.structure-definition.iphone.info-plist"; sourceTree = "<group>"; };
/* End PBXFileReference section */

/* Begin PBXFrameworksBuildPhase section */
		1D60588F0D05DD3D006BFB54 /* Frameworks */ = {
			isa = PBXFrameworksBuildPhase;
			buildActionMask = 2147483647;
			files = (
				1D60589F0D05DD5A006BFB54 /* Foundation.framework in Frameworks */,
				1DF5F4E00D08C38300B7A737 /* UIKit.framework in Frameworks */,
				288765FD0DF74451002DB57D /* CoreGraphics.framework in Frameworks */,
				6CAA91E91284A13300CB1737 /* libIOC.a in Frameworks */,
				6CAA922F12852D6E00CB1737 /* libxml2.dylib in Frameworks */,
			);
			runOnlyForDeploymentPostprocessing = 0;
		};
/* End PBXFrameworksBuildPhase section */

/* Begin PBXGroup section */
		19C28FACFE9D520D11CA2CBB /* Products */ = {
			isa = PBXGroup;
			children = (
				1D6058910D05DD3D006BFB54 /* CouchSurfing.app */,
			);
			name = Products;
			sourceTree = "<group>";
		};
		2860E324111B887F00E27156 /* iPhone */ = {
			isa = PBXGroup;
			children = (
				6C9EACE113A0CD3E00C1B19D /* Profile */,
				6C9EACD813A09ECA00C1B19D /* images */,
				6C87AEE1130BB61D0015B471 /* Login */,
				6CAA9303128546B900CB1737 /* CouchSearch */,
				2860E325111B887F00E27156 /* AppDelegate_iPhone.h */,
				2860E326111B887F00E27156 /* AppDelegate_iPhone.m */,
				6C9EACE613A0D1AB00C1B19D /* MoreController.h */,
				6C9EACE713A0D1AC00C1B19D /* MoreController.m */,
				6C9EAD1413A1438700C1B19D /* ActivityOverlap.h */,
				6C9EAD1513A1438700C1B19D /* ActivityOverlap.m */,
			);
			path = iPhone;
			sourceTree = "<group>";
		};
		2860E32A111B888700E27156 /* iPad */ = {
			isa = PBXGroup;
			children = (
				2860E32B111B888700E27156 /* AppDelegate_iPad.h */,
				2860E32C111B888700E27156 /* AppDelegate_iPad.m */,
			);
			path = iPad;
			sourceTree = "<group>";
		};
		28EEBF621118D79A00187D67 /* Shared */ = {
			isa = PBXGroup;
			children = (
				6C9EACED13A0FC4200C1B19D /* appIcons */,
				8D1107310486CEB800E47090 /* CouchSurfing-Info.plist */,
			);
			name = Shared;
			sourceTree = "<group>";
		};
		29B97314FDCFA39411CA2CEA /* CustomTemplate */ = {
			isa = PBXGroup;
			children = (
				6CAA91DC1284A0E700CB1737 /* IOC.xcodeproj */,
				2860E32A111B888700E27156 /* iPad */,
				2860E324111B887F00E27156 /* iPhone */,
				29B97315FDCFA39411CA2CEA /* Other Sources */,
				28EEBF621118D79A00187D67 /* Shared */,
				19C28FACFE9D520D11CA2CBB /* Products */,
				29B97323FDCFA39411CA2CEA /* Frameworks */,
			);
			name = CustomTemplate;
			sourceTree = "<group>";
		};
		29B97315FDCFA39411CA2CEA /* Other Sources */ = {
			isa = PBXGroup;
			children = (
				6C9EACFA13A0FCD200C1B19D /* CouchSurf */,
				6C9365FA13A22EA700FA8960 /* TouchXML */,
				6CC1DA1013A09276008F659F /* JSONKit */,
				6C9EAD0113A0FCF900C1B19D /* CSImageDownloader.h */,
				6C9EAD0213A0FCF900C1B19D /* CSImageDownloader.m */,
				6C9EAD1113A1009700C1B19D /* MVUrlConnection.h */,
				6C9EAD1213A1009700C1B19D /* MVUrlConnection.m */,
				32CA4F630368D1EE00C91783 /* CouchSurfing_Prefix.pch */,
				29B97316FDCFA39411CA2CEA /* main.m */,
			);
			name = "Other Sources";
			sourceTree = "<group>";
		};
		29B97323FDCFA39411CA2CEA /* Frameworks */ = {
			isa = PBXGroup;
			children = (
				6CAA922E12852D6E00CB1737 /* libxml2.dylib */,
				1DF5F4DF0D08C38300B7A737 /* UIKit.framework */,
				1D30AB110D05D00D00671497 /* Foundation.framework */,
				288765FC0DF74451002DB57D /* CoreGraphics.framework */,
			);
			name = Frameworks;
			sourceTree = "<group>";
		};
		6C87AEE1130BB61D0015B471 /* Login */ = {
			isa = PBXGroup;
			children = (
				6C87AEF0130BB8420015B471 /* LoginController.h */,
				6C87AEF1130BB8420015B471 /* LoginController.m */,
				6C87AFC9130BD4CB0015B471 /* LoginControllerFactory.h */,
				6C87AFCA130BD4CB0015B471 /* LoginControllerFactory.m */,
			);
			name = Login;
			sourceTree = "<group>";
		};
		6C9365FA13A22EA700FA8960 /* TouchXML */ = {
			isa = PBXGroup;
			children = (
				6C9365FB13A22EA700FA8960 /* Creation */,
				6C93660013A22EA700FA8960 /* CXHTMLDocument.h */,
				6C93660113A22EA700FA8960 /* CXHTMLDocument.m */,
				6C93660213A22EA700FA8960 /* CXMLDocument.h */,
				6C93660313A22EA700FA8960 /* CXMLDocument.m */,
				6C93660413A22EA700FA8960 /* CXMLDocument_PrivateExtensions.h */,
				6C93660513A22EA700FA8960 /* CXMLDocument_PrivateExtensions.m */,
				6C93660613A22EA700FA8960 /* CXMLElement.h */,
				6C93660713A22EA700FA8960 /* CXMLElement.m */,
				6C93660813A22EA700FA8960 /* CXMLElement_CreationExtensions.h */,
				6C93660913A22EA700FA8960 /* CXMLElement_CreationExtensions.m */,
				6C93660A13A22EA700FA8960 /* CXMLElement_ElementTreeExtensions.h */,
				6C93660B13A22EA700FA8960 /* CXMLElement_ElementTreeExtensions.m */,
				6C93660C13A22EA700FA8960 /* CXMLNamespaceNode.h */,
				6C93660D13A22EA700FA8960 /* CXMLNamespaceNode.m */,
				6C93660E13A22EA700FA8960 /* CXMLNode.h */,
				6C93660F13A22EA700FA8960 /* CXMLNode.m */,
				6C93661013A22EA700FA8960 /* CXMLNode_PrivateExtensions.h */,
				6C93661113A22EA700FA8960 /* CXMLNode_PrivateExtensions.m */,
				6C93661213A22EA700FA8960 /* CXMLNode_XPathExtensions.h */,
				6C93661313A22EA700FA8960 /* CXMLNode_XPathExtensions.m */,
				6C93661413A22EA700FA8960 /* Tidy */,
				6C93661713A22EA700FA8960 /* TouchXML.h */,
			);
			name = TouchXML;
			path = ../../libs/TouchXML;
			sourceTree = "<group>";
		};
		6C9365FB13A22EA700FA8960 /* Creation */ = {
			isa = PBXGroup;
			children = (
				6C9365FC13A22EA700FA8960 /* CXMLDocument_CreationExtensions.h */,
				6C9365FD13A22EA700FA8960 /* CXMLDocument_CreationExtensions.m */,
				6C9365FE13A22EA700FA8960 /* CXMLNode_CreationExtensions.h */,
				6C9365FF13A22EA700FA8960 /* CXMLNode_CreationExtensions.m */,
			);
			path = Creation;
			sourceTree = "<group>";
		};
		6C93661413A22EA700FA8960 /* Tidy */ = {
			isa = PBXGroup;
			children = (
				6C93661513A22EA700FA8960 /* CTidy.h */,
				6C93661613A22EA700FA8960 /* CTidy.m */,
			);
			path = Tidy;
			sourceTree = "<group>";
		};
		6C9EACD813A09ECA00C1B19D /* images */ = {
			isa = PBXGroup;
			children = (
				6C9EACD913A09ECA00C1B19D /* profileCard.png */,
				6C9EACDA13A09ECA00C1B19D /* profileCard@2x.png */,
				6C9EACDB13A09ECA00C1B19D /* search.png */,
				6C9EACDC13A09ECA00C1B19D /* search@2x.png */,
			);
			path = images;
			sourceTree = "<group>";
		};
		6C9EACE113A0CD3E00C1B19D /* Profile */ = {
			isa = PBXGroup;
			children = (
				6C9EACE213A0CD7700C1B19D /* ProfileController.h */,
				6C9EACE313A0CD7700C1B19D /* ProfileController.m */,
				6C9EACE913A0EBDD00C1B19D /* ProfileControllerFactory.h */,
				6C9EACEA13A0EBDD00C1B19D /* ProfileControllerFactory.m */,
			);
			name = Profile;
			sourceTree = "<group>";
		};
		6C9EACED13A0FC4200C1B19D /* appIcons */ = {
			isa = PBXGroup;
			children = (
				6C9EACEE13A0FC4200C1B19D /* Icon-72.png */,
				6C9EACEF13A0FC4200C1B19D /* Icon-Small-50.png */,
				6C9EACF013A0FC4200C1B19D /* Icon-Small.png */,
				6C9EACF113A0FC4200C1B19D /* Icon-Small@2x.png */,
				6C9EACF213A0FC4200C1B19D /* Icon.png */,
				6C9EACF313A0FC4200C1B19D /* Icon@2x.png */,
			);
			name = appIcons;
			path = Shared/appIcons;
			sourceTree = "<group>";
		};
		6C9EACFA13A0FCD200C1B19D /* CouchSurf */ = {
			isa = PBXGroup;
			children = (
				6C9EAD1013A0FD3A00C1B19D /* Login */,
				6C9EAD0F13A0FD0200C1B19D /* CouchSearch */,
				6C9EACFF13A0FCF900C1B19D /* CouchSourfer.h */,
				6C9EAD0013A0FCF900C1B19D /* CouchSourfer.m */,
			);
			name = CouchSurf;
			sourceTree = "<group>";
		};
		6C9EAD0F13A0FD0200C1B19D /* CouchSearch */ = {
			isa = PBXGroup;
			children = (
				6C9EACFB13A0FCF900C1B19D /* CouchSearchRequest.h */,
				6C9EACFC13A0FCF900C1B19D /* CouchSearchRequest.m */,
				6C9EACFD13A0FCF900C1B19D /* CouchSearchRequestFactory.h */,
				6C9EACFE13A0FCF900C1B19D /* CouchSearchRequestFactory.m */,
			);
			name = CouchSearch;
			sourceTree = "<group>";
		};
		6C9EAD1013A0FD3A00C1B19D /* Login */ = {
			isa = PBXGroup;
			children = (
				6C9EAD0313A0FCF900C1B19D /* IdentityManager.h */,
				6C9EAD0413A0FCF900C1B19D /* IdentityManager.m */,
				6C9EAD0513A0FCF900C1B19D /* LoginAnnouncer.h */,
				6C9EAD0613A0FCF900C1B19D /* LoginInformation.h */,
				6C9EAD0713A0FCF900C1B19D /* LoginRequest.h */,
				6C9EAD0813A0FCF900C1B19D /* LoginRequest.m */,
			);
			name = Login;
			sourceTree = "<group>";
		};
		6CAA91DD1284A0E700CB1737 /* Products */ = {
			isa = PBXGroup;
			children = (
				6CAA91E51284A0E700CB1737 /* UnitTests.octest */,
				6CAA91E71284A0E700CB1737 /* libIOC.a */,
			);
			name = Products;
			sourceTree = "<group>";
		};
		6CAA9303128546B900CB1737 /* CouchSearch */ = {
			isa = PBXGroup;
			children = (
				6CAA94D51285A06200CB1737 /* Form */,
				6CAA94051285914E00CB1737 /* CouchSearchResultController.h */,
				6CAA94061285914E00CB1737 /* CouchSearchResultController.m */,
				6CAA940A128591BD00CB1737 /* CouchSearchResultControllerFactory.h */,
				6CAA940B128591BD00CB1737 /* CouchSearchResultControllerFactory.m */,
			);
			name = CouchSearch;
			sourceTree = "<group>";
		};
		6CAA94D51285A06200CB1737 /* Form */ = {
			isa = PBXGroup;
			children = (
				6CAA9304128546F200CB1737 /* CouchSearchFormController.h */,
				6CAA9305128546F200CB1737 /* CouchSearchFormController.m */,
				6CAA94D61285A07E00CB1737 /* CouchSearchFormControllerFactory.h */,
				6CAA94D71285A07E00CB1737 /* CouchSearchFormControllerFactory.m */,
			);
			name = Form;
			sourceTree = "<group>";
		};
		6CC1DA1013A09276008F659F /* JSONKit */ = {
			isa = PBXGroup;
			children = (
				6CC1DA1113A09276008F659F /* JSONKit.h */,
				6CC1DA1213A09276008F659F /* JSONKit.m */,
			);
			name = JSONKit;
			path = ../../libs/JSONKit;
			sourceTree = "<group>";
		};
/* End PBXGroup section */

/* Begin PBXNativeTarget section */
		1D6058900D05DD3D006BFB54 /* CouchSurfing */ = {
			isa = PBXNativeTarget;
			buildConfigurationList = 1D6058960D05DD3E006BFB54 /* Build configuration list for PBXNativeTarget "CouchSurfing" */;
			buildPhases = (
				1D60588D0D05DD3D006BFB54 /* Resources */,
				1D60588E0D05DD3D006BFB54 /* Sources */,
				1D60588F0D05DD3D006BFB54 /* Frameworks */,
			);
			buildRules = (
			);
			dependencies = (
				6CAA91ED1284A18800CB1737 /* PBXTargetDependency */,
			);
			name = CouchSurfing;
			productName = CouchSourfing;
			productReference = 1D6058910D05DD3D006BFB54 /* CouchSurfing.app */;
			productType = "com.apple.product-type.application";
		};
/* End PBXNativeTarget section */

/* Begin PBXProject section */
		29B97313FDCFA39411CA2CEA /* Project object */ = {
			isa = PBXProject;
			buildConfigurationList = C01FCF4E08A954540054247B /* Build configuration list for PBXProject "CouchSurfing" */;
			compatibilityVersion = "Xcode 3.1";
			developmentRegion = English;
			hasScannedForEncodings = 1;
			knownRegions = (
				English,
				Japanese,
				French,
				German,
			);
			mainGroup = 29B97314FDCFA39411CA2CEA /* CustomTemplate */;
			projectDirPath = "";
			projectReferences = (
				{
					ProductGroup = 6CAA91DD1284A0E700CB1737 /* Products */;
					ProjectRef = 6CAA91DC1284A0E700CB1737 /* IOC.xcodeproj */;
				},
			);
			projectRoot = "";
			targets = (
				1D6058900D05DD3D006BFB54 /* CouchSurfing */,
			);
		};
/* End PBXProject section */

/* Begin PBXReferenceProxy section */
		6CAA91E51284A0E700CB1737 /* UnitTests.octest */ = {
			isa = PBXReferenceProxy;
			fileType = wrapper.cfbundle;
			path = UnitTests.octest;
			remoteRef = 6CAA91E41284A0E700CB1737 /* PBXContainerItemProxy */;
			sourceTree = BUILT_PRODUCTS_DIR;
		};
		6CAA91E71284A0E700CB1737 /* libIOC.a */ = {
			isa = PBXReferenceProxy;
			fileType = archive.ar;
			path = libIOC.a;
			remoteRef = 6CAA91E61284A0E700CB1737 /* PBXContainerItemProxy */;
			sourceTree = BUILT_PRODUCTS_DIR;
		};
/* End PBXReferenceProxy section */

/* Begin PBXResourcesBuildPhase section */
		1D60588D0D05DD3D006BFB54 /* Resources */ = {
			isa = PBXResourcesBuildPhase;
			buildActionMask = 2147483647;
			files = (
				6C9EACDD13A09ECA00C1B19D /* profileCard.png in Resources */,
				6C9EACDE13A09ECA00C1B19D /* profileCard@2x.png in Resources */,
				6C9EACDF13A09ECA00C1B19D /* search.png in Resources */,
				6C9EACE013A09ECA00C1B19D /* search@2x.png in Resources */,
				6C9EACF413A0FC4200C1B19D /* Icon-72.png in Resources */,
				6C9EACF513A0FC4200C1B19D /* Icon-Small-50.png in Resources */,
				6C9EACF613A0FC4200C1B19D /* Icon-Small.png in Resources */,
				6C9EACF713A0FC4200C1B19D /* Icon-Small@2x.png in Resources */,
				6C9EACF813A0FC4200C1B19D /* Icon.png in Resources */,
				6C9EACF913A0FC4200C1B19D /* Icon@2x.png in Resources */,
			);
			runOnlyForDeploymentPostprocessing = 0;
		};
/* End PBXResourcesBuildPhase section */

/* Begin PBXSourcesBuildPhase section */
		1D60588E0D05DD3D006BFB54 /* Sources */ = {
			isa = PBXSourcesBuildPhase;
			buildActionMask = 2147483647;
			files = (
				1D60589B0D05DD56006BFB54 /* main.m in Sources */,
				2860E328111B887F00E27156 /* AppDelegate_iPhone.m in Sources */,
				2860E32E111B888700E27156 /* AppDelegate_iPad.m in Sources */,
				6CAA9306128546F200CB1737 /* CouchSearchFormController.m in Sources */,
				6CAA94071285914E00CB1737 /* CouchSearchResultController.m in Sources */,
				6CAA940C128591BD00CB1737 /* CouchSearchResultControllerFactory.m in Sources */,
				6CAA94D81285A07E00CB1737 /* CouchSearchFormControllerFactory.m in Sources */,
				6C87AEF2130BB8420015B471 /* LoginController.m in Sources */,
				6C87AFCB130BD4CB0015B471 /* LoginControllerFactory.m in Sources */,
				6CC1DA1313A09276008F659F /* JSONKit.m in Sources */,
				6C9EACE413A0CD7700C1B19D /* ProfileController.m in Sources */,
				6C9EACE813A0D1AC00C1B19D /* MoreController.m in Sources */,
				6C9EACEB13A0EBDD00C1B19D /* ProfileControllerFactory.m in Sources */,
				6C9EAD0913A0FCF900C1B19D /* CouchSearchRequest.m in Sources */,
				6C9EAD0A13A0FCF900C1B19D /* CouchSearchRequestFactory.m in Sources */,
				6C9EAD0B13A0FCF900C1B19D /* CouchSourfer.m in Sources */,
				6C9EAD0C13A0FCF900C1B19D /* CSImageDownloader.m in Sources */,
				6C9EAD0D13A0FCF900C1B19D /* IdentityManager.m in Sources */,
				6C9EAD0E13A0FCF900C1B19D /* LoginRequest.m in Sources */,
				6C9EAD1313A1009700C1B19D /* MVUrlConnection.m in Sources */,
				6C9EAD1613A1438800C1B19D /* ActivityOverlap.m in Sources */,
				6C93661813A22EA700FA8960 /* CXMLDocument_CreationExtensions.m in Sources */,
				6C93661913A22EA700FA8960 /* CXMLNode_CreationExtensions.m in Sources */,
				6C93661A13A22EA700FA8960 /* CXHTMLDocument.m in Sources */,
				6C93661B13A22EA700FA8960 /* CXMLDocument.m in Sources */,
				6C93661C13A22EA700FA8960 /* CXMLDocument_PrivateExtensions.m in Sources */,
				6C93661D13A22EA700FA8960 /* CXMLElement.m in Sources */,
				6C93661E13A22EA700FA8960 /* CXMLElement_CreationExtensions.m in Sources */,
				6C93661F13A22EA700FA8960 /* CXMLElement_ElementTreeExtensions.m in Sources */,
				6C93662013A22EA700FA8960 /* CXMLNamespaceNode.m in Sources */,
				6C93662113A22EA700FA8960 /* CXMLNode.m in Sources */,
				6C93662213A22EA700FA8960 /* CXMLNode_PrivateExtensions.m in Sources */,
				6C93662313A22EA700FA8960 /* CXMLNode_XPathExtensions.m in Sources */,
				6C93662413A22EA700FA8960 /* CTidy.m in Sources */,
			);
			runOnlyForDeploymentPostprocessing = 0;
		};
/* End PBXSourcesBuildPhase section */

/* Begin PBXTargetDependency section */
		6CAA91ED1284A18800CB1737 /* PBXTargetDependency */ = {
			isa = PBXTargetDependency;
			name = IOC;
			targetProxy = 6CAA91EC1284A18800CB1737 /* PBXContainerItemProxy */;
		};
/* End PBXTargetDependency section */

/* Begin XCBuildConfiguration section */
		1D6058940D05DD3E006BFB54 /* Debug */ = {
			isa = XCBuildConfiguration;
			buildSettings = {
				ALWAYS_SEARCH_USER_PATHS = NO;
				"CODE_SIGN_IDENTITY[sdk=iphoneos*]" = "iPhone Developer";
				COPY_PHASE_STRIP = NO;
				GCC_DYNAMIC_NO_PIC = NO;
				GCC_OPTIMIZATION_LEVEL = 0;
				GCC_PRECOMPILE_PREFIX_HEADER = YES;
				GCC_PREFIX_HEADER = CouchSurfing_Prefix.pch;
				HEADER_SEARCH_PATHS = (
					../../libs/xpathfinder/Classes,
					../../libs/objectiveioc/src/Classes,
					/usr/include/libxml2,
					../../libs/JSONKit,
				);
				INFOPLIST_FILE = "CouchSurfing-Info.plist";
				PRODUCT_NAME = CouchSurfing;
				"PROVISIONING_PROFILE[sdk=iphoneos*]" = "";
			};
			name = Debug;
		};
		1D6058950D05DD3E006BFB54 /* Release */ = {
			isa = XCBuildConfiguration;
			buildSettings = {
				ALWAYS_SEARCH_USER_PATHS = NO;
				"CODE_SIGN_IDENTITY[sdk=iphoneos*]" = "iPhone Developer";
				COPY_PHASE_STRIP = YES;
				GCC_PRECOMPILE_PREFIX_HEADER = YES;
				GCC_PREFIX_HEADER = CouchSurfing_Prefix.pch;
				HEADER_SEARCH_PATHS = (
					../../libs/xpathfinder/Classes,
					../../libs/objectiveioc/src/Classes,
					/usr/include/libxml2,
					../../libs/JSONKit,
				);
				INFOPLIST_FILE = "CouchSurfing-Info.plist";
				PRODUCT_NAME = CouchSurfing;
				"PROVISIONING_PROFILE[sdk=iphoneos*]" = "";
				VALIDATE_PRODUCT = YES;
			};
			name = Release;
		};
		C01FCF4F08A954540054247B /* Debug */ = {
			isa = XCBuildConfiguration;
			buildSettings = {
				ARCHS = "$(ARCHS_STANDARD_32_BIT)";
				"CODE_SIGN_IDENTITY[sdk=iphoneos*]" = "iPhone Developer: Petr Cekyl (ED285PZCB2)";
				GCC_C_LANGUAGE_STANDARD = c99;
				GCC_WARN_ABOUT_RETURN_TYPE = YES;
				GCC_WARN_UNUSED_VARIABLE = YES;
				HEADER_SEARCH_PATHS = (
					../../libs/xpathfinder/Classes,
					../../libs/objectiveioc/src/Classes,
					/usr/include/libxml2,
					../../libs/JSONKit/,
					"../../libs/TouchXML/**",
				);
				IPHONEOS_DEPLOYMENT_TARGET = 3.2;
				ONLY_ACTIVE_ARCH = NO;
				OTHER_LDFLAGS = (
					"-all_load",
					"-ObjC",
				);
				PREBINDING = NO;
				"PROVISIONING_PROFILE[sdk=iphoneos*]" = "6D2DC60A-E598-49D3-B465-82E4997F2A43";
				SDKROOT = iphoneos;
				TARGETED_DEVICE_FAMILY = "1,2";
				USER_HEADER_SEARCH_PATHS = "";
			};
			name = Debug;
		};
		C01FCF5008A954540054247B /* Release */ = {
			isa = XCBuildConfiguration;
			buildSettings = {
				ARCHS = "$(ARCHS_STANDARD_32_BIT)";
				"CODE_SIGN_IDENTITY[sdk=iphoneos*]" = "iPhone Developer: Petr Cekyl (ED285PZCB2)";
				GCC_C_LANGUAGE_STANDARD = c99;
				GCC_WARN_ABOUT_RETURN_TYPE = YES;
				GCC_WARN_UNUSED_VARIABLE = YES;
				HEADER_SEARCH_PATHS = (
					../../libs/xpathfinder/Classes,
					../../libs/objectiveioc/src/Classes,
					/usr/include/libxml2,
					../../libs/JSONKit/,
					"../../libs/TouchXML/**",
				);
				IPHONEOS_DEPLOYMENT_TARGET = 3.2;
				OTHER_CFLAGS = "-DNS_BLOCK_ASSERTIONS=1";
				PREBINDING = NO;
				"PROVISIONING_PROFILE[sdk=iphoneos*]" = "6D2DC60A-E598-49D3-B465-82E4997F2A43";
				SDKROOT = iphoneos;
				TARGETED_DEVICE_FAMILY = "1,2";
				USER_HEADER_SEARCH_PATHS = "";
			};
			name = Release;
		};
/* End XCBuildConfiguration section */

/* Begin XCConfigurationList section */
		1D6058960D05DD3E006BFB54 /* Build configuration list for PBXNativeTarget "CouchSurfing" */ = {
			isa = XCConfigurationList;
			buildConfigurations = (
				1D6058940D05DD3E006BFB54 /* Debug */,
				1D6058950D05DD3E006BFB54 /* Release */,
			);
			defaultConfigurationIsVisible = 0;
			defaultConfigurationName = Release;
		};
		C01FCF4E08A954540054247B /* Build configuration list for PBXProject "CouchSurfing" */ = {
			isa = XCConfigurationList;
			buildConfigurations = (
				C01FCF4F08A954540054247B /* Debug */,
				C01FCF5008A954540054247B /* Release */,
			);
			defaultConfigurationIsVisible = 0;
			defaultConfigurationName = Release;
		};
/* End XCConfigurationList section */
	};
	rootObject = 29B97313FDCFA39411CA2CEA /* Project object */;
}
