// !$*UTF8*$!
{
	archiveVersion = 1;
	classes = {
	};
	objectVersion = 45;
	objects = {

/* Begin PBXBuildFile section */
		1D60589B0D05DD56006BFB54 /* main.m in Sources */ = {isa = PBXBuildFile; fileRef = 29B97316FDCFA39411CA2CEA /* main.m */; };
		1D60589F0D05DD5A006BFB54 /* Foundation.framework in Frameworks */ = {isa = PBXBuildFile; fileRef = 1D30AB110D05D00D00671497 /* Foundation.framework */; };
		1DF5F4E00D08C38300B7A737 /* UIKit.framework in Frameworks */ = {isa = PBXBuildFile; fileRef = 1DF5F4DF0D08C38300B7A737 /* UIKit.framework */; };
		2860E328111B887F00E27156 /* AppDelegate_iPhone.m in Sources */ = {isa = PBXBuildFile; fileRef = 2860E326111B887F00E27156 /* AppDelegate_iPhone.m */; };
		2860E32E111B888700E27156 /* AppDelegate_iPad.m in Sources */ = {isa = PBXBuildFile; fileRef = 2860E32C111B888700E27156 /* AppDelegate_iPad.m */; };
		288765FD0DF74451002DB57D /* CoreGraphics.framework in Frameworks */ = {isa = PBXBuildFile; fileRef = 288765FC0DF74451002DB57D /* CoreGraphics.framework */; };
		6CAA91E91284A13300CB1737 /* libIOC.a in Frameworks */ = {isa = PBXBuildFile; fileRef = 6CAA91E71284A0E700CB1737 /* libIOC.a */; };
		6CAA922D12852D4C00CB1737 /* XPathFinder.a in Frameworks */ = {isa = PBXBuildFile; fileRef = 6CAA922B12852D3800CB1737 /* XPathFinder.a */; };
		6CAA922F12852D6E00CB1737 /* libxml2.dylib in Frameworks */ = {isa = PBXBuildFile; fileRef = 6CAA922E12852D6E00CB1737 /* libxml2.dylib */; };
		6CAA9275128535E700CB1737 /* LauncherController.m in Sources */ = {isa = PBXBuildFile; fileRef = 6CAA9274128535E700CB1737 /* LauncherController.m */; };
		6CAA9306128546F200CB1737 /* CouchSearchFormController.m in Sources */ = {isa = PBXBuildFile; fileRef = 6CAA9305128546F200CB1737 /* CouchSearchFormController.m */; };
		6CAA940412858FCF00CB1737 /* CouchSearchRequest.m in Sources */ = {isa = PBXBuildFile; fileRef = 6CAA940312858FCF00CB1737 /* CouchSearchRequest.m */; };
		6CAA94071285914E00CB1737 /* CouchSearchResultController.m in Sources */ = {isa = PBXBuildFile; fileRef = 6CAA94061285914E00CB1737 /* CouchSearchResultController.m */; };
		6CAA940C128591BD00CB1737 /* CouchSearchResultControllerFactory.m in Sources */ = {isa = PBXBuildFile; fileRef = 6CAA940B128591BD00CB1737 /* CouchSearchResultControllerFactory.m */; };
		6CAA94151285943800CB1737 /* CouchSearchRequestFactory.m in Sources */ = {isa = PBXBuildFile; fileRef = 6CAA94141285943800CB1737 /* CouchSearchRequestFactory.m */; };
		6CAA94D81285A07E00CB1737 /* CouchSearchFormControllerFactory.m in Sources */ = {isa = PBXBuildFile; fileRef = 6CAA94D71285A07E00CB1737 /* CouchSearchFormControllerFactory.m */; };
		6CAA96DD1285EFBA00CB1737 /* CouchSourfer.m in Sources */ = {isa = PBXBuildFile; fileRef = 6CAA96DC1285EFBA00CB1737 /* CouchSourfer.m */; };
		6CAA97E31286B79C00CB1737 /* CSImageDownloader.m in Sources */ = {isa = PBXBuildFile; fileRef = 6CAA97E21286B79C00CB1737 /* CSImageDownloader.m */; };
/* End PBXBuildFile section */

/* Begin PBXContainerItemProxy section */
		6CAA91E41284A0E700CB1737 /* PBXContainerItemProxy */ = {
			isa = PBXContainerItemProxy;
			containerPortal = 6CAA91DC1284A0E700CB1737 /* IOC.xcodeproj */;
			proxyType = 2;
			remoteGlobalIDString = 6C1D739511F21E8400F0EFC2;
			remoteInfo = UnitTests;
		};
		6CAA91E61284A0E700CB1737 /* PBXContainerItemProxy */ = {
			isa = PBXContainerItemProxy;
			containerPortal = 6CAA91DC1284A0E700CB1737 /* IOC.xcodeproj */;
			proxyType = 2;
			remoteGlobalIDString = 6C07A88211FEDDCA00358364;
			remoteInfo = IOC;
		};
		6CAA91EC1284A18800CB1737 /* PBXContainerItemProxy */ = {
			isa = PBXContainerItemProxy;
			containerPortal = 6CAA91DC1284A0E700CB1737 /* IOC.xcodeproj */;
			proxyType = 1;
			remoteGlobalIDString = 6C07A88111FEDDCA00358364;
			remoteInfo = IOC;
		};
		6CAA922A12852D3800CB1737 /* PBXContainerItemProxy */ = {
			isa = PBXContainerItemProxy;
			containerPortal = 6CAA922312852D3800CB1737 /* XPathFinder.xcodeproj */;
			proxyType = 2;
			remoteGlobalIDString = D2AAC07E0554694100DB518D;
			remoteInfo = XPathFinder;
		};
		6CAA926912852E8300CB1737 /* PBXContainerItemProxy */ = {
			isa = PBXContainerItemProxy;
			containerPortal = 6CAA922312852D3800CB1737 /* XPathFinder.xcodeproj */;
			proxyType = 1;
			remoteGlobalIDString = D2AAC07D0554694100DB518D;
			remoteInfo = XPathFinder;
		};
/* End PBXContainerItemProxy section */

/* Begin PBXFileReference section */
		1D30AB110D05D00D00671497 /* Foundation.framework */ = {isa = PBXFileReference; lastKnownFileType = wrapper.framework; name = Foundation.framework; path = System/Library/Frameworks/Foundation.framework; sourceTree = SDKROOT; };
		1D6058910D05DD3D006BFB54 /* CouchSourfing.app */ = {isa = PBXFileReference; explicitFileType = wrapper.application; includeInIndex = 0; path = CouchSourfing.app; sourceTree = BUILT_PRODUCTS_DIR; };
		1DF5F4DF0D08C38300B7A737 /* UIKit.framework */ = {isa = PBXFileReference; lastKnownFileType = wrapper.framework; name = UIKit.framework; path = System/Library/Frameworks/UIKit.framework; sourceTree = SDKROOT; };
		2860E325111B887F00E27156 /* AppDelegate_iPhone.h */ = {isa = PBXFileReference; fileEncoding = 4; lastKnownFileType = sourcecode.c.h; path = AppDelegate_iPhone.h; sourceTree = "<group>"; };
		2860E326111B887F00E27156 /* AppDelegate_iPhone.m */ = {isa = PBXFileReference; fileEncoding = 4; lastKnownFileType = sourcecode.c.objc; path = AppDelegate_iPhone.m; sourceTree = "<group>"; };
		2860E32B111B888700E27156 /* AppDelegate_iPad.h */ = {isa = PBXFileReference; fileEncoding = 4; lastKnownFileType = sourcecode.c.h; path = AppDelegate_iPad.h; sourceTree = "<group>"; };
		2860E32C111B888700E27156 /* AppDelegate_iPad.m */ = {isa = PBXFileReference; fileEncoding = 4; lastKnownFileType = sourcecode.c.objc; path = AppDelegate_iPad.m; sourceTree = "<group>"; };
		288765FC0DF74451002DB57D /* CoreGraphics.framework */ = {isa = PBXFileReference; lastKnownFileType = wrapper.framework; name = CoreGraphics.framework; path = System/Library/Frameworks/CoreGraphics.framework; sourceTree = SDKROOT; };
		29B97316FDCFA39411CA2CEA /* main.m */ = {isa = PBXFileReference; fileEncoding = 4; lastKnownFileType = sourcecode.c.objc; name = main.m; path = Shared/main.m; sourceTree = "<group>"; };
		32CA4F630368D1EE00C91783 /* CouchSourfing_Prefix.pch */ = {isa = PBXFileReference; fileEncoding = 4; lastKnownFileType = sourcecode.c.h; path = CouchSourfing_Prefix.pch; sourceTree = "<group>"; };
		6CAA91DC1284A0E700CB1737 /* IOC.xcodeproj */ = {isa = PBXFileReference; lastKnownFileType = "wrapper.pb-project"; name = IOC.xcodeproj; path = ../../libs/objectiveioc/src/IOC.xcodeproj; sourceTree = SOURCE_ROOT; };
		6CAA922312852D3800CB1737 /* XPathFinder.xcodeproj */ = {isa = PBXFileReference; lastKnownFileType = "wrapper.pb-project"; name = XPathFinder.xcodeproj; path = ../../libs/xpathfinder/XPathFinder.xcodeproj; sourceTree = SOURCE_ROOT; };
		6CAA922E12852D6E00CB1737 /* libxml2.dylib */ = {isa = PBXFileReference; lastKnownFileType = "compiled.mach-o.dylib"; name = libxml2.dylib; path = usr/lib/libxml2.dylib; sourceTree = SDKROOT; };
		6CAA9273128535E700CB1737 /* LauncherController.h */ = {isa = PBXFileReference; fileEncoding = 4; lastKnownFileType = sourcecode.c.h; path = LauncherController.h; sourceTree = "<group>"; };
		6CAA9274128535E700CB1737 /* LauncherController.m */ = {isa = PBXFileReference; fileEncoding = 4; lastKnownFileType = sourcecode.c.objc; path = LauncherController.m; sourceTree = "<group>"; };
		6CAA9304128546F200CB1737 /* CouchSearchFormController.h */ = {isa = PBXFileReference; fileEncoding = 4; lastKnownFileType = sourcecode.c.h; path = CouchSearchFormController.h; sourceTree = "<group>"; };
		6CAA9305128546F200CB1737 /* CouchSearchFormController.m */ = {isa = PBXFileReference; fileEncoding = 4; lastKnownFileType = sourcecode.c.objc; path = CouchSearchFormController.m; sourceTree = "<group>"; };
		6CAA940212858FCF00CB1737 /* CouchSearchRequest.h */ = {isa = PBXFileReference; fileEncoding = 4; lastKnownFileType = sourcecode.c.h; path = CouchSearchRequest.h; sourceTree = "<group>"; };
		6CAA940312858FCF00CB1737 /* CouchSearchRequest.m */ = {isa = PBXFileReference; fileEncoding = 4; lastKnownFileType = sourcecode.c.objc; path = CouchSearchRequest.m; sourceTree = "<group>"; };
		6CAA94051285914E00CB1737 /* CouchSearchResultController.h */ = {isa = PBXFileReference; fileEncoding = 4; lastKnownFileType = sourcecode.c.h; path = CouchSearchResultController.h; sourceTree = "<group>"; };
		6CAA94061285914E00CB1737 /* CouchSearchResultController.m */ = {isa = PBXFileReference; fileEncoding = 4; lastKnownFileType = sourcecode.c.objc; path = CouchSearchResultController.m; sourceTree = "<group>"; };
		6CAA940A128591BD00CB1737 /* CouchSearchResultControllerFactory.h */ = {isa = PBXFileReference; fileEncoding = 4; lastKnownFileType = sourcecode.c.h; path = CouchSearchResultControllerFactory.h; sourceTree = "<group>"; };
		6CAA940B128591BD00CB1737 /* CouchSearchResultControllerFactory.m */ = {isa = PBXFileReference; fileEncoding = 4; lastKnownFileType = sourcecode.c.objc; path = CouchSearchResultControllerFactory.m; sourceTree = "<group>"; };
		6CAA94131285943800CB1737 /* CouchSearchRequestFactory.h */ = {isa = PBXFileReference; fileEncoding = 4; lastKnownFileType = sourcecode.c.h; path = CouchSearchRequestFactory.h; sourceTree = "<group>"; };
		6CAA94141285943800CB1737 /* CouchSearchRequestFactory.m */ = {isa = PBXFileReference; fileEncoding = 4; lastKnownFileType = sourcecode.c.objc; path = CouchSearchRequestFactory.m; sourceTree = "<group>"; };
		6CAA94D61285A07E00CB1737 /* CouchSearchFormControllerFactory.h */ = {isa = PBXFileReference; fileEncoding = 4; lastKnownFileType = sourcecode.c.h; path = CouchSearchFormControllerFactory.h; sourceTree = "<group>"; };
		6CAA94D71285A07E00CB1737 /* CouchSearchFormControllerFactory.m */ = {isa = PBXFileReference; fileEncoding = 4; lastKnownFileType = sourcecode.c.objc; path = CouchSearchFormControllerFactory.m; sourceTree = "<group>"; };
		6CAA96DB1285EFBA00CB1737 /* CouchSourfer.h */ = {isa = PBXFileReference; fileEncoding = 4; lastKnownFileType = sourcecode.c.h; path = CouchSourfer.h; sourceTree = "<group>"; };
		6CAA96DC1285EFBA00CB1737 /* CouchSourfer.m */ = {isa = PBXFileReference; fileEncoding = 4; lastKnownFileType = sourcecode.c.objc; path = CouchSourfer.m; sourceTree = "<group>"; };
		6CAA97E11286B79C00CB1737 /* CSImageDownloader.h */ = {isa = PBXFileReference; fileEncoding = 4; lastKnownFileType = sourcecode.c.h; path = CSImageDownloader.h; sourceTree = "<group>"; };
		6CAA97E21286B79C00CB1737 /* CSImageDownloader.m */ = {isa = PBXFileReference; fileEncoding = 4; lastKnownFileType = sourcecode.c.objc; path = CSImageDownloader.m; sourceTree = "<group>"; };
		8D1107310486CEB800E47090 /* CouchSourfing-Info.plist */ = {isa = PBXFileReference; fileEncoding = 4; lastKnownFileType = text.plist.xml; path = "CouchSourfing-Info.plist"; plistStructureDefinitionIdentifier = "com.apple.xcode.plist.structure-definition.iphone.info-plist"; sourceTree = "<group>"; };
/* End PBXFileReference section */

/* Begin PBXFrameworksBuildPhase section */
		1D60588F0D05DD3D006BFB54 /* Frameworks */ = {
			isa = PBXFrameworksBuildPhase;
			buildActionMask = 2147483647;
			files = (
				1D60589F0D05DD5A006BFB54 /* Foundation.framework in Frameworks */,
				1DF5F4E00D08C38300B7A737 /* UIKit.framework in Frameworks */,
				288765FD0DF74451002DB57D /* CoreGraphics.framework in Frameworks */,
				6CAA91E91284A13300CB1737 /* libIOC.a in Frameworks */,
				6CAA922D12852D4C00CB1737 /* XPathFinder.a in Frameworks */,
				6CAA922F12852D6E00CB1737 /* libxml2.dylib in Frameworks */,
			);
			runOnlyForDeploymentPostprocessing = 0;
		};
/* End PBXFrameworksBuildPhase section */

/* Begin PBXGroup section */
		19C28FACFE9D520D11CA2CBB /* Products */ = {
			isa = PBXGroup;
			children = (
				1D6058910D05DD3D006BFB54 /* CouchSourfing.app */,
			);
			name = Products;
			sourceTree = "<group>";
		};
		2860E324111B887F00E27156 /* iPhone */ = {
			isa = PBXGroup;
			children = (
				6CAA9303128546B900CB1737 /* CouchSearch */,
				2860E325111B887F00E27156 /* AppDelegate_iPhone.h */,
				2860E326111B887F00E27156 /* AppDelegate_iPhone.m */,
				6CAA9273128535E700CB1737 /* LauncherController.h */,
				6CAA9274128535E700CB1737 /* LauncherController.m */,
				6CAA96DB1285EFBA00CB1737 /* CouchSourfer.h */,
				6CAA96DC1285EFBA00CB1737 /* CouchSourfer.m */,
				6CAA97E11286B79C00CB1737 /* CSImageDownloader.h */,
				6CAA97E21286B79C00CB1737 /* CSImageDownloader.m */,
			);
			path = iPhone;
			sourceTree = "<group>";
		};
		2860E32A111B888700E27156 /* iPad */ = {
			isa = PBXGroup;
			children = (
				2860E32B111B888700E27156 /* AppDelegate_iPad.h */,
				2860E32C111B888700E27156 /* AppDelegate_iPad.m */,
			);
			path = iPad;
			sourceTree = "<group>";
		};
		28EEBF621118D79A00187D67 /* Shared */ = {
			isa = PBXGroup;
			children = (
				8D1107310486CEB800E47090 /* CouchSourfing-Info.plist */,
			);
			name = Shared;
			sourceTree = "<group>";
		};
		29B97314FDCFA39411CA2CEA /* CustomTemplate */ = {
			isa = PBXGroup;
			children = (
				6CAA922312852D3800CB1737 /* XPathFinder.xcodeproj */,
				6CAA91DC1284A0E700CB1737 /* IOC.xcodeproj */,
				2860E32A111B888700E27156 /* iPad */,
				2860E324111B887F00E27156 /* iPhone */,
				28EEBF621118D79A00187D67 /* Shared */,
				29B97315FDCFA39411CA2CEA /* Other Sources */,
				29B97323FDCFA39411CA2CEA /* Frameworks */,
				19C28FACFE9D520D11CA2CBB /* Products */,
			);
			name = CustomTemplate;
			sourceTree = "<group>";
		};
		29B97315FDCFA39411CA2CEA /* Other Sources */ = {
			isa = PBXGroup;
			children = (
				32CA4F630368D1EE00C91783 /* CouchSourfing_Prefix.pch */,
				29B97316FDCFA39411CA2CEA /* main.m */,
			);
			name = "Other Sources";
			sourceTree = "<group>";
		};
		29B97323FDCFA39411CA2CEA /* Frameworks */ = {
			isa = PBXGroup;
			children = (
				6CAA922E12852D6E00CB1737 /* libxml2.dylib */,
				1DF5F4DF0D08C38300B7A737 /* UIKit.framework */,
				1D30AB110D05D00D00671497 /* Foundation.framework */,
				288765FC0DF74451002DB57D /* CoreGraphics.framework */,
			);
			name = Frameworks;
			sourceTree = "<group>";
		};
		6CAA91DD1284A0E700CB1737 /* Products */ = {
			isa = PBXGroup;
			children = (
				6CAA91E51284A0E700CB1737 /* UnitTests.octest */,
				6CAA91E71284A0E700CB1737 /* libIOC.a */,
			);
			name = Products;
			sourceTree = "<group>";
		};
		6CAA922412852D3800CB1737 /* Products */ = {
			isa = PBXGroup;
			children = (
				6CAA922B12852D3800CB1737 /* XPathFinder.a */,
			);
			name = Products;
			sourceTree = "<group>";
		};
		6CAA9303128546B900CB1737 /* CouchSearch */ = {
			isa = PBXGroup;
			children = (
				6CAA94D51285A06200CB1737 /* Form */,
				6CAA941A1285955000CB1737 /* Request */,
				6CAA94051285914E00CB1737 /* CouchSearchResultController.h */,
				6CAA94061285914E00CB1737 /* CouchSearchResultController.m */,
				6CAA940A128591BD00CB1737 /* CouchSearchResultControllerFactory.h */,
				6CAA940B128591BD00CB1737 /* CouchSearchResultControllerFactory.m */,
			);
			name = CouchSearch;
			sourceTree = "<group>";
		};
		6CAA941A1285955000CB1737 /* Request */ = {
			isa = PBXGroup;
			children = (
				6CAA940212858FCF00CB1737 /* CouchSearchRequest.h */,
				6CAA940312858FCF00CB1737 /* CouchSearchRequest.m */,
				6CAA94131285943800CB1737 /* CouchSearchRequestFactory.h */,
				6CAA94141285943800CB1737 /* CouchSearchRequestFactory.m */,
			);
			name = Request;
			sourceTree = "<group>";
		};
		6CAA94D51285A06200CB1737 /* Form */ = {
			isa = PBXGroup;
			children = (
				6CAA9304128546F200CB1737 /* CouchSearchFormController.h */,
				6CAA9305128546F200CB1737 /* CouchSearchFormController.m */,
				6CAA94D61285A07E00CB1737 /* CouchSearchFormControllerFactory.h */,
				6CAA94D71285A07E00CB1737 /* CouchSearchFormControllerFactory.m */,
			);
			name = Form;
			sourceTree = "<group>";
		};
/* End PBXGroup section */

/* Begin PBXNativeTarget section */
		1D6058900D05DD3D006BFB54 /* CouchSourfing */ = {
			isa = PBXNativeTarget;
			buildConfigurationList = 1D6058960D05DD3E006BFB54 /* Build configuration list for PBXNativeTarget "CouchSourfing" */;
			buildPhases = (
				1D60588D0D05DD3D006BFB54 /* Resources */,
				1D60588E0D05DD3D006BFB54 /* Sources */,
				1D60588F0D05DD3D006BFB54 /* Frameworks */,
			);
			buildRules = (
			);
			dependencies = (
				6CAA91ED1284A18800CB1737 /* PBXTargetDependency */,
				6CAA926A12852E8300CB1737 /* PBXTargetDependency */,
			);
			name = CouchSourfing;
			productName = CouchSourfing;
			productReference = 1D6058910D05DD3D006BFB54 /* CouchSourfing.app */;
			productType = "com.apple.product-type.application";
		};
/* End PBXNativeTarget section */

/* Begin PBXProject section */
		29B97313FDCFA39411CA2CEA /* Project object */ = {
			isa = PBXProject;
			buildConfigurationList = C01FCF4E08A954540054247B /* Build configuration list for PBXProject "CouchSourfing" */;
			compatibilityVersion = "Xcode 3.1";
			developmentRegion = English;
			hasScannedForEncodings = 1;
			knownRegions = (
				English,
				Japanese,
				French,
				German,
			);
			mainGroup = 29B97314FDCFA39411CA2CEA /* CustomTemplate */;
			projectDirPath = "";
			projectReferences = (
				{
					ProductGroup = 6CAA91DD1284A0E700CB1737 /* Products */;
					ProjectRef = 6CAA91DC1284A0E700CB1737 /* IOC.xcodeproj */;
				},
				{
					ProductGroup = 6CAA922412852D3800CB1737 /* Products */;
					ProjectRef = 6CAA922312852D3800CB1737 /* XPathFinder.xcodeproj */;
				},
			);
			projectRoot = "";
			targets = (
				1D6058900D05DD3D006BFB54 /* CouchSourfing */,
			);
		};
/* End PBXProject section */

/* Begin PBXReferenceProxy section */
		6CAA91E51284A0E700CB1737 /* UnitTests.octest */ = {
			isa = PBXReferenceProxy;
			fileType = wrapper.cfbundle;
			path = UnitTests.octest;
			remoteRef = 6CAA91E41284A0E700CB1737 /* PBXContainerItemProxy */;
			sourceTree = BUILT_PRODUCTS_DIR;
		};
		6CAA91E71284A0E700CB1737 /* libIOC.a */ = {
			isa = PBXReferenceProxy;
			fileType = archive.ar;
			path = libIOC.a;
			remoteRef = 6CAA91E61284A0E700CB1737 /* PBXContainerItemProxy */;
			sourceTree = BUILT_PRODUCTS_DIR;
		};
		6CAA922B12852D3800CB1737 /* XPathFinder.a */ = {
			isa = PBXReferenceProxy;
			fileType = archive.ar;
			path = XPathFinder.a;
			remoteRef = 6CAA922A12852D3800CB1737 /* PBXContainerItemProxy */;
			sourceTree = BUILT_PRODUCTS_DIR;
		};
/* End PBXReferenceProxy section */

/* Begin PBXResourcesBuildPhase section */
		1D60588D0D05DD3D006BFB54 /* Resources */ = {
			isa = PBXResourcesBuildPhase;
			buildActionMask = 2147483647;
			files = (
			);
			runOnlyForDeploymentPostprocessing = 0;
		};
/* End PBXResourcesBuildPhase section */

/* Begin PBXSourcesBuildPhase section */
		1D60588E0D05DD3D006BFB54 /* Sources */ = {
			isa = PBXSourcesBuildPhase;
			buildActionMask = 2147483647;
			files = (
				1D60589B0D05DD56006BFB54 /* main.m in Sources */,
				2860E328111B887F00E27156 /* AppDelegate_iPhone.m in Sources */,
				2860E32E111B888700E27156 /* AppDelegate_iPad.m in Sources */,
				6CAA9275128535E700CB1737 /* LauncherController.m in Sources */,
				6CAA9306128546F200CB1737 /* CouchSearchFormController.m in Sources */,
				6CAA940412858FCF00CB1737 /* CouchSearchRequest.m in Sources */,
				6CAA94071285914E00CB1737 /* CouchSearchResultController.m in Sources */,
				6CAA940C128591BD00CB1737 /* CouchSearchResultControllerFactory.m in Sources */,
				6CAA94151285943800CB1737 /* CouchSearchRequestFactory.m in Sources */,
				6CAA94D81285A07E00CB1737 /* CouchSearchFormControllerFactory.m in Sources */,
				6CAA96DD1285EFBA00CB1737 /* CouchSourfer.m in Sources */,
				6CAA97E31286B79C00CB1737 /* CSImageDownloader.m in Sources */,
			);
			runOnlyForDeploymentPostprocessing = 0;
		};
/* End PBXSourcesBuildPhase section */

/* Begin PBXTargetDependency section */
		6CAA91ED1284A18800CB1737 /* PBXTargetDependency */ = {
			isa = PBXTargetDependency;
			name = IOC;
			targetProxy = 6CAA91EC1284A18800CB1737 /* PBXContainerItemProxy */;
		};
		6CAA926A12852E8300CB1737 /* PBXTargetDependency */ = {
			isa = PBXTargetDependency;
			name = XPathFinder;
			targetProxy = 6CAA926912852E8300CB1737 /* PBXContainerItemProxy */;
		};
/* End PBXTargetDependency section */

/* Begin XCBuildConfiguration section */
		1D6058940D05DD3E006BFB54 /* Debug */ = {
			isa = XCBuildConfiguration;
			buildSettings = {
				ALWAYS_SEARCH_USER_PATHS = NO;
				COPY_PHASE_STRIP = NO;
				GCC_DYNAMIC_NO_PIC = NO;
				GCC_OPTIMIZATION_LEVEL = 0;
				GCC_PRECOMPILE_PREFIX_HEADER = YES;
				GCC_PREFIX_HEADER = CouchSourfing_Prefix.pch;
				INFOPLIST_FILE = "CouchSourfing-Info.plist";
				PRODUCT_NAME = CouchSourfing;
			};
			name = Debug;
		};
		1D6058950D05DD3E006BFB54 /* Release */ = {
			isa = XCBuildConfiguration;
			buildSettings = {
				ALWAYS_SEARCH_USER_PATHS = NO;
				COPY_PHASE_STRIP = YES;
				GCC_PRECOMPILE_PREFIX_HEADER = YES;
				GCC_PREFIX_HEADER = CouchSourfing_Prefix.pch;
				INFOPLIST_FILE = "CouchSourfing-Info.plist";
				PRODUCT_NAME = CouchSourfing;
				VALIDATE_PRODUCT = YES;
			};
			name = Release;
		};
		C01FCF4F08A954540054247B /* Debug */ = {
			isa = XCBuildConfiguration;
			buildSettings = {
				ARCHS = "$(ARCHS_STANDARD_32_BIT)";
				"CODE_SIGN_IDENTITY[sdk=iphoneos*]" = "iPhone Developer";
				GCC_C_LANGUAGE_STANDARD = c99;
				GCC_WARN_ABOUT_RETURN_TYPE = YES;
				GCC_WARN_UNUSED_VARIABLE = YES;
				HEADER_SEARCH_PATHS = (
					../../libs/xpathfinder/Classes,
					../../libs/objectiveioc/src/Classes,
					/usr/include/libxml2,
				);
				IPHONEOS_DEPLOYMENT_TARGET = 3.2;
				OTHER_LDFLAGS = (
					"-all_load",
					"-ObjC",
				);
				PREBINDING = NO;
				SDKROOT = iphoneos4.1;
				TARGETED_DEVICE_FAMILY = "1,2";
			};
			name = Debug;
		};
		C01FCF5008A954540054247B /* Release */ = {
			isa = XCBuildConfiguration;
			buildSettings = {
				ARCHS = "$(ARCHS_STANDARD_32_BIT)";
				"CODE_SIGN_IDENTITY[sdk=iphoneos*]" = "iPhone Developer";
				GCC_C_LANGUAGE_STANDARD = c99;
				GCC_WARN_ABOUT_RETURN_TYPE = YES;
				GCC_WARN_UNUSED_VARIABLE = YES;
				IPHONEOS_DEPLOYMENT_TARGET = 3.2;
				OTHER_CFLAGS = "-DNS_BLOCK_ASSERTIONS=1";
				PREBINDING = NO;
				SDKROOT = iphoneos4.1;
				TARGETED_DEVICE_FAMILY = "1,2";
			};
			name = Release;
		};
/* End XCBuildConfiguration section */

/* Begin XCConfigurationList section */
		1D6058960D05DD3E006BFB54 /* Build configuration list for PBXNativeTarget "CouchSourfing" */ = {
			isa = XCConfigurationList;
			buildConfigurations = (
				1D6058940D05DD3E006BFB54 /* Debug */,
				1D6058950D05DD3E006BFB54 /* Release */,
			);
			defaultConfigurationIsVisible = 0;
			defaultConfigurationName = Release;
		};
		C01FCF4E08A954540054247B /* Build configuration list for PBXProject "CouchSourfing" */ = {
			isa = XCConfigurationList;
			buildConfigurations = (
				C01FCF4F08A954540054247B /* Debug */,
				C01FCF5008A954540054247B /* Release */,
			);
			defaultConfigurationIsVisible = 0;
			defaultConfigurationName = Release;
		};
/* End XCConfigurationList section */
	};
	rootObject = 29B97313FDCFA39411CA2CEA /* Project object */;
}
